
Microsoft Visual Studio Solution File, Format Version 12.00
# Visual Studio 15
VisualStudioVersion = 15.0.28307.421
MinimumVisualStudioVersion = 10.0.40219.1
Project("{FAE04EC0-301F-11D3-BF4B-00C04F79EFBC}") = "TrashCanProject", "TrashCanProject\TrashCanProject.csproj", "{548FBFA6-B572-4C15-A1C6-195A8CCAB48E}"
EndProject
Global
	GlobalSection(SolutionConfigurationPlatforms) = preSolution
		Debug|Any CPU = Debug|Any CPU
		Release|Any CPU = Release|Any CPU
	EndGlobalSection
	GlobalSection(ProjectConfigurationPlatforms) = postSolution
		{548FBFA6-B572-4C15-A1C6-195A8CCAB48E}.Debug|Any CPU.ActiveCfg = Debug|Any CPU
		{548FBFA6-B572-4C15-A1C6-195A8CCAB48E}.Debug|Any CPU.Build.0 = Debug|Any CPU
		{548FBFA6-B572-4C15-A1C6-195A8CCAB48E}.Release|Any CPU.ActiveCfg = Release|Any CPU
		{548FBFA6-B572-4C15-A1C6-195A8CCAB48E}.Release|Any CPU.Build.0 = Release|Any CPU
	EndGlobalSection
	GlobalSection(SolutionProperties) = preSolution
		HideSolutionNode = FALSE
	EndGlobalSection
	GlobalSection(ExtensibilityGlobals) = postSolution
		SolutionGuid = {29431D42-7B05-445F-950A-2082D801AA48}
	EndGlobalSection
EndGlobal
